
Microsoft Visual Studio Solution File, Format Version 12.00
# Visual Studio Version 16
VisualStudioVersion = 16.0.31702.278
MinimumVisualStudioVersion = 10.0.40219.1
Project("{9A19103F-16F7-4668-BE54-9A1E7A4F7556}") = "ModuleSoanDe", "ModuleSoanDe\ModuleSoanDe.csproj", "{F98D2911-3A74-4236-A489-CE3DFCF54F10}"
EndProject
Project("{9A19103F-16F7-4668-BE54-9A1E7A4F7556}") = "ModuleThiTracNghiem", "ModuleThiTracNghiem\ModuleThiTracNghiem.csproj", "{22A9A7AE-DD33-4C1E-8CCA-F5ED4C9AB75C}"
EndProject
Global
	GlobalSection(SolutionConfigurationPlatforms) = preSolution
		Debug|Any CPU = Debug|Any CPU
		Release|Any CPU = Release|Any CPU
	EndGlobalSection
	GlobalSection(ProjectConfigurationPlatforms) = postSolution
		{F98D2911-3A74-4236-A489-CE3DFCF54F10}.Debug|Any CPU.ActiveCfg = Debug|Any CPU
		{F98D2911-3A74-4236-A489-CE3DFCF54F10}.Debug|Any CPU.Build.0 = Debug|Any CPU
		{F98D2911-3A74-4236-A489-CE3DFCF54F10}.Release|Any CPU.ActiveCfg = Release|Any CPU
		{F98D2911-3A74-4236-A489-CE3DFCF54F10}.Release|Any CPU.Build.0 = Release|Any CPU
		{22A9A7AE-DD33-4C1E-8CCA-F5ED4C9AB75C}.Debug|Any CPU.ActiveCfg = Debug|Any CPU
		{22A9A7AE-DD33-4C1E-8CCA-F5ED4C9AB75C}.Debug|Any CPU.Build.0 = Debug|Any CPU
		{22A9A7AE-DD33-4C1E-8CCA-F5ED4C9AB75C}.Release|Any CPU.ActiveCfg = Release|Any CPU
		{22A9A7AE-DD33-4C1E-8CCA-F5ED4C9AB75C}.Release|Any CPU.Build.0 = Release|Any CPU
	EndGlobalSection
	GlobalSection(SolutionProperties) = preSolution
		HideSolutionNode = FALSE
	EndGlobalSection
	GlobalSection(ExtensibilityGlobals) = postSolution
		SolutionGuid = {5DA309C6-85C5-4E15-AC23-B5EF08A42D67}
	EndGlobalSection
EndGlobal
